// !$*UTF8*$!
{
	archiveVersion = 1;
	classes = {
	};
	objectVersion = 77;
	objects = {

/* Begin PBXContainerItemProxy section */
		F9D4ABF42E5CDEE300048F0A /* PBXContainerItemProxy */ = {
			isa = PBXContainerItemProxy;
			containerPortal = F9D4ABD52E5CDEE200048F0A /* Project object */;
			proxyType = 1;
			remoteGlobalIDString = F9D4ABDC2E5CDEE200048F0A;
			remoteInfo = PortfolioApp;
		};
		F9D4ABFE2E5CDEE300048F0A /* PBXContainerItemProxy */ = {
			isa = PBXContainerItemProxy;
			containerPortal = F9D4ABD52E5CDEE200048F0A /* Project object */;
			proxyType = 1;
			remoteGlobalIDString = F9D4ABDC2E5CDEE200048F0A;
			remoteInfo = PortfolioApp;
		};
/* End PBXContainerItemProxy section */

/* Begin PBXFileReference section */
		F9D4ABDD2E5CDEE200048F0A /* PortfolioApp.app */ = {isa = PBXFileReference; explicitFileType = wrapper.application; includeInIndex = 0; path = PortfolioApp.app; sourceTree = BUILT_PRODUCTS_DIR; };
		F9D4ABF32E5CDEE300048F0A /* PortfolioAppTests.xctest */ = {isa = PBXFileReference; explicitFileType = wrapper.cfbundle; includeInIndex = 0; path = PortfolioAppTests.xctest; sourceTree = BUILT_PRODUCTS_DIR; };
		F9D4ABFD2E5CDEE300048F0A /* PortfolioAppUITests.xctest */ = {isa = PBXFileReference; explicitFileType = wrapper.cfbundle; includeInIndex = 0; path = PortfolioAppUITests.xctest; sourceTree = BUILT_PRODUCTS_DIR; };
/* End PBXFileReference section */

/* Begin PBXFileSystemSynchronizedBuildFileExceptionSet section */
		F9D4AC052E5CDEE300048F0A /* Exceptions for "PortfolioApp" folder in "PortfolioApp" target */ = {
			isa = PBXFileSystemSynchronizedBuildFileExceptionSet;
			membershipExceptions = (
				Info.plist,
			);
			target = F9D4ABDC2E5CDEE200048F0A /* PortfolioApp */;
		};
/* End PBXFileSystemSynchronizedBuildFileExceptionSet section */

/* Begin PBXFileSystemSynchronizedRootGroup section */
		F9D4ABDF2E5CDEE200048F0A /* PortfolioApp */ = {
			isa = PBXFileSystemSynchronizedRootGroup;
			exceptions = (
				F9D4AC052E5CDEE300048F0A /* Exceptions for "PortfolioApp" folder in "PortfolioApp" target */,
			);
			path = PortfolioApp;
			sourceTree = "<group>";
		};
		F9D4ABF62E5CDEE300048F0A /* PortfolioAppTests */ = {
			isa = PBXFileSystemSynchronizedRootGroup;
			path = PortfolioAppTests;
			sourceTree = "<group>";
		};
		F9D4AC002E5CDEE300048F0A /* PortfolioAppUITests */ = {
			isa = PBXFileSystemSynchronizedRootGroup;
			path = PortfolioAppUITests;
			sourceTree = "<group>";
		};
/* End PBXFileSystemSynchronizedRootGroup section */

/* Begin PBXFrameworksBuildPhase section */
		F9D4ABDA2E5CDEE200048F0A /* Frameworks */ = {
			isa = PBXFrameworksBuildPhase;
			buildActionMask = 2147483647;
			files = (
			);
			runOnlyForDeploymentPostprocessing = 0;
		};
		F9D4ABF02E5CDEE300048F0A /* Frameworks */ = {
			isa = PBXFrameworksBuildPhase;
			buildActionMask = 2147483647;
			files = (
			);
			runOnlyForDeploymentPostprocessing = 0;
		};
		F9D4ABFA2E5CDEE300048F0A /* Frameworks */ = {
			isa = PBXFrameworksBuildPhase;
			buildActionMask = 2147483647;
			files = (
			);
			runOnlyForDeploymentPostprocessing = 0;
		};
/* End PBXFrameworksBuildPhase section */

/* Begin PBXGroup section */
		F9D4ABD42E5CDEE200048F0A = {
			isa = PBXGroup;
			children = (
				F9D4ABDF2E5CDEE200048F0A /* PortfolioApp */,
				F9D4ABF62E5CDEE300048F0A /* PortfolioAppTests */,
				F9D4AC002E5CDEE300048F0A /* PortfolioAppUITests */,
				F9D4ABDE2E5CDEE200048F0A /* Products */,
			);
			sourceTree = "<group>";
		};
		F9D4ABDE2E5CDEE200048F0A /* Products */ = {
			isa = PBXGroup;
			children = (
				F9D4ABDD2E5CDEE200048F0A /* PortfolioApp.app */,
				F9D4ABF32E5CDEE300048F0A /* PortfolioAppTests.xctest */,
				F9D4ABFD2E5CDEE300048F0A /* PortfolioAppUITests.xctest */,
			);
			name = Products;
			sourceTree = "<group>";
		};
/* End PBXGroup section */

/* Begin PBXNativeTarget section */
		F9D4ABDC2E5CDEE200048F0A /* PortfolioApp */ = {
			isa = PBXNativeTarget;
			buildConfigurationList = F9D4AC062E5CDEE300048F0A /* Build configuration list for PBXNativeTarget "PortfolioApp" */;
			buildPhases = (
				F9D4ABD92E5CDEE200048F0A /* Sources */,
				F9D4ABDA2E5CDEE200048F0A /* Frameworks */,
				F9D4ABDB2E5CDEE200048F0A /* Resources */,
			);
			buildRules = (
			);
			dependencies = (
			);
			fileSystemSynchronizedGroups = (
				F9D4ABDF2E5CDEE200048F0A /* PortfolioApp */,
			);
			name = PortfolioApp;
			packageProductDependencies = (
			);
			productName = PortfolioApp;
			productReference = F9D4ABDD2E5CDEE200048F0A /* PortfolioApp.app */;
			productType = "com.apple.product-type.application";
		};
		F9D4ABF22E5CDEE300048F0A /* PortfolioAppTests */ = {
			isa = PBXNativeTarget;
			buildConfigurationList = F9D4AC0B2E5CDEE300048F0A /* Build configuration list for PBXNativeTarget "PortfolioAppTests" */;
			buildPhases = (
				F9D4ABEF2E5CDEE300048F0A /* Sources */,
				F9D4ABF02E5CDEE300048F0A /* Frameworks */,
				F9D4ABF12E5CDEE300048F0A /* Resources */,
			);
			buildRules = (
			);
			dependencies = (
				F9D4ABF52E5CDEE300048F0A /* PBXTargetDependency */,
			);
			fileSystemSynchronizedGroups = (
				F9D4ABF62E5CDEE300048F0A /* PortfolioAppTests */,
			);
			name = PortfolioAppTests;
			packageProductDependencies = (
			);
			productName = PortfolioAppTests;
			productReference = F9D4ABF32E5CDEE300048F0A /* PortfolioAppTests.xctest */;
			productType = "com.apple.product-type.bundle.unit-test";
		};
		F9D4ABFC2E5CDEE300048F0A /* PortfolioAppUITests */ = {
			isa = PBXNativeTarget;
			buildConfigurationList = F9D4AC0E2E5CDEE300048F0A /* Build configuration list for PBXNativeTarget "PortfolioAppUITests" */;
			buildPhases = (
				F9D4ABF92E5CDEE300048F0A /* Sources */,
				F9D4ABFA2E5CDEE300048F0A /* Frameworks */,
				F9D4ABFB2E5CDEE300048F0A /* Resources */,
			);
			buildRules = (
			);
			dependencies = (
				F9D4ABFF2E5CDEE300048F0A /* PBXTargetDependency */,
			);
			fileSystemSynchronizedGroups = (
				F9D4AC002E5CDEE300048F0A /* PortfolioAppUITests */,
			);
			name = PortfolioAppUITests;
			packageProductDependencies = (
			);
			productName = PortfolioAppUITests;
			productReference = F9D4ABFD2E5CDEE300048F0A /* PortfolioAppUITests.xctest */;
			productType = "com.apple.product-type.bundle.ui-testing";
		};
/* End PBXNativeTarget section */

/* Begin PBXProject section */
		F9D4ABD52E5CDEE200048F0A /* Project object */ = {
			isa = PBXProject;
			attributes = {
				BuildIndependentTargetsInParallel = 1;
				LastSwiftUpdateCheck = 1640;
				LastUpgradeCheck = 1640;
				TargetAttributes = {
					F9D4ABDC2E5CDEE200048F0A = {
						CreatedOnToolsVersion = 16.4;
					};
					F9D4ABF22E5CDEE300048F0A = {
						CreatedOnToolsVersion = 16.4;
						TestTargetID = F9D4ABDC2E5CDEE200048F0A;
					};
					F9D4ABFC2E5CDEE300048F0A = {
						CreatedOnToolsVersion = 16.4;
						TestTargetID = F9D4ABDC2E5CDEE200048F0A;
					};
				};
			};
			buildConfigurationList = F9D4ABD82E5CDEE200048F0A /* Build configuration list for PBXProject "PortfolioApp" */;
			developmentRegion = en;
			hasScannedForEncodings = 0;
			knownRegions = (
				en,
				Base,
			);
			mainGroup = F9D4ABD42E5CDEE200048F0A;
			minimizedProjectReferenceProxies = 1;
			preferredProjectObjectVersion = 77;
			productRefGroup = F9D4ABDE2E5CDEE200048F0A /* Products */;
			projectDirPath = "";
			projectRoot = "";
			targets = (
				F9D4ABDC2E5CDEE200048F0A /* PortfolioApp */,
				F9D4ABF22E5CDEE300048F0A /* PortfolioAppTests */,
				F9D4ABFC2E5CDEE300048F0A /* PortfolioAppUITests */,
			);
		};
/* End PBXProject section */

/* Begin PBXResourcesBuildPhase section */
		F9D4ABDB2E5CDEE200048F0A /* Resources */ = {
			isa = PBXResourcesBuildPhase;
			buildActionMask = 2147483647;
			files = (
			);
			runOnlyForDeploymentPostprocessing = 0;
		};
		F9D4ABF12E5CDEE300048F0A /* Resources */ = {
			isa = PBXResourcesBuildPhase;
			buildActionMask = 2147483647;
			files = (
			);
			runOnlyForDeploymentPostprocessing = 0;
		};
		F9D4ABFB2E5CDEE300048F0A /* Resources */ = {
			isa = PBXResourcesBuildPhase;
			buildActionMask = 2147483647;
			files = (
			);
			runOnlyForDeploymentPostprocessing = 0;
		};
/* End PBXResourcesBuildPhase section */

/* Begin PBXSourcesBuildPhase section */
		F9D4ABD92E5CDEE200048F0A /* Sources */ = {
			isa = PBXSourcesBuildPhase;
			buildActionMask = 2147483647;
			files = (
			);
			runOnlyForDeploymentPostprocessing = 0;
		};
		F9D4ABEF2E5CDEE300048F0A /* Sources */ = {
			isa = PBXSourcesBuildPhase;
			buildActionMask = 2147483647;
			files = (
			);
			runOnlyForDeploymentPostprocessing = 0;
		};
		F9D4ABF92E5CDEE300048F0A /* Sources */ = {
			isa = PBXSourcesBuildPhase;
			buildActionMask = 2147483647;
			files = (
			);
			runOnlyForDeploymentPostprocessing = 0;
		};
/* End PBXSourcesBuildPhase section */

/* Begin PBXTargetDependency section */
		F9D4ABF52E5CDEE300048F0A /* PBXTargetDependency */ = {
			isa = PBXTargetDependency;
			target = F9D4ABDC2E5CDEE200048F0A /* PortfolioApp */;
			targetProxy = F9D4ABF42E5CDEE300048F0A /* PBXContainerItemProxy */;
		};
		F9D4ABFF2E5CDEE300048F0A /* PBXTargetDependency */ = {
			isa = PBXTargetDependency;
			target = F9D4ABDC2E5CDEE200048F0A /* PortfolioApp */;
			targetProxy = F9D4ABFE2E5CDEE300048F0A /* PBXContainerItemProxy */;
		};
/* End PBXTargetDependency section */

/* Begin XCBuildConfiguration section */
		F9D4AC072E5CDEE300048F0A /* Debug */ = {
			isa = XCBuildConfiguration;
			buildSettings = {
				ASSETCATALOG_COMPILER_APPICON_NAME = AppIcon;
				ASSETCATALOG_COMPILER_GLOBAL_ACCENT_COLOR_NAME = AccentColor;
				CODE_SIGN_STYLE = Automatic;
				CURRENT_PROJECT_VERSION = 1;
				GENERATE_INFOPLIST_FILE = YES;
				INFOPLIST_FILE = PortfolioApp/Info.plist;
				INFOPLIST_KEY_UIApplicationSupportsIndirectInputEvents = YES;
				INFOPLIST_KEY_UILaunchStoryboardName = LaunchScreen;
				INFOPLIST_KEY_UISupportedInterfaceOrientations = UIInterfaceOrientationPortrait;
				INFOPLIST_KEY_UISupportedInterfaceOrientations_iPad = "UIInterfaceOrientationLandscapeLeft UIInterfaceOrientationLandscapeRight UIInterfaceOrientationPortrait UIInterfaceOrientationPortraitUpsideDown";
				LD_RUNPATH_SEARCH_PATHS = (
					"$(inherited)",
					"@executable_path/Frameworks",
				);
				MARKETING_VERSION = 1.0;
				PRODUCT_BUNDLE_IDENTIFIER = Shiwamon.PortfolioApp;
				PRODUCT_NAME = "$(TARGET_NAME)";
				SUPPORTED_PLATFORMS = "iphoneos iphonesimulator";
				SUPPORTS_MACCATALYST = NO;
				SUPPORTS_MAC_DESIGNED_FOR_IPHONE_IPAD = NO;
				SUPPORTS_XR_DESIGNED_FOR_IPHONE_IPAD = NO;
				SWIFT_EMIT_LOC_STRINGS = YES;
				SWIFT_VERSION = 5.0;
				TARGETED_DEVICE_FAMILY = 1;
			};
			name = Debug;
		};
		F9D4AC082E5CDEE300048F0A /* Release */ = {
			isa = XCBuildConfiguration;
			buildSettings = {
				ASSETCATALOG_COMPILER_APPICON_NAME = AppIcon;
				ASSETCATALOG_COMPILER_GLOBAL_ACCENT_COLOR_NAME = AccentColor;
				CODE_SIGN_STYLE = Automatic;
				CURRENT_PROJECT_VERSION = 1;
				GENERATE_INFOPLIST_FILE = YES;
				INFOPLIST_FILE = PortfolioApp/Info.plist;
				INFOPLIST_KEY_UIApplicationSupportsIndirectInputEvents = YES;
				INFOPLIST_KEY_UILaunchStoryboardName = LaunchScreen;
				INFOPLIST_KEY_UISupportedInterfaceOrientations = UIInterfaceOrientationPortrait;
				INFOPLIST_KEY_UISupportedInterfaceOrientations_iPad = "UIInterfaceOrientationLandscapeLeft UIInterfaceOrientationLandscapeRight UIInterfaceOrientationPortrait UIInterfaceOrientationPortraitUpsideDown";
				LD_RUNPATH_SEARCH_PATHS = (
					"$(inherited)",
					"@executable_path/Frameworks",
				);
				MARKETING_VERSION = 1.0;
				PRODUCT_BUNDLE_IDENTIFIER = Shiwamon.PortfolioApp;
				PRODUCT_NAME = "$(TARGET_NAME)";
				SUPPORTED_PLATFORMS = "iphoneos iphonesimulator";
				SUPPORTS_MACCATALYST = NO;
				SUPPORTS_MAC_DESIGNED_FOR_IPHONE_IPAD = NO;
				SUPPORTS_XR_DESIGNED_FOR_IPHONE_IPAD = NO;
				SWIFT_EMIT_LOC_STRINGS = YES;
				SWIFT_VERSION = 5.0;
				TARGETED_DEVICE_FAMILY = 1;
			};
			name = Release;
		};
		F9D4AC092E5CDEE300048F0A /* Debug */ = {
			isa = XCBuildConfiguration;
			buildSettings = {
				ALWAYS_SEARCH_USER_PATHS = NO;
				ASSETCATALOG_COMPILER_GENERATE_SWIFT_ASSET_SYMBOL_EXTENSIONS = YES;
				CLANG_ANALYZER_NONNULL = YES;
				CLANG_ANALYZER_NUMBER_OBJECT_CONVERSION = YES_AGGRESSIVE;
				CLANG_CXX_LANGUAGE_STANDARD = "gnu++20";
				CLANG_ENABLE_MODULES = YES;
				CLANG_ENABLE_OBJC_ARC = YES;
				CLANG_ENABLE_OBJC_WEAK = YES;
				CLANG_WARN_BLOCK_CAPTURE_AUTORELEASING = YES;
				CLANG_WARN_BOOL_CONVERSION = YES;
				CLANG_WARN_COMMA = YES;
				CLANG_WARN_CONSTANT_CONVERSION = YES;
				CLANG_WARN_DEPRECATED_OBJC_IMPLEMENTATIONS = YES;
				CLANG_WARN_DIRECT_OBJC_ISA_USAGE = YES_ERROR;
				CLANG_WARN_DOCUMENTATION_COMMENTS = YES;
				CLANG_WARN_EMPTY_BODY = YES;
				CLANG_WARN_ENUM_CONVERSION = YES;
				CLANG_WARN_INFINITE_RECURSION = YES;
				CLANG_WARN_INT_CONVERSION = YES;
				CLANG_WARN_NON_LITERAL_NULL_CONVERSION = YES;
				CLANG_WARN_OBJC_IMPLICIT_RETAIN_SELF = YES;
				CLANG_WARN_OBJC_LITERAL_CONVERSION = YES;
				CLANG_WARN_OBJC_ROOT_CLASS = YES_ERROR;
				CLANG_WARN_QUOTED_INCLUDE_IN_FRAMEWORK_HEADER = YES;
				CLANG_WARN_RANGE_LOOP_ANALYSIS = YES;
				CLANG_WARN_STRICT_PROTOTYPES = YES;
				CLANG_WARN_SUSPICIOUS_MOVE = YES;
				CLANG_WARN_UNGUARDED_AVAILABILITY = YES_AGGRESSIVE;
				CLANG_WARN_UNREACHABLE_CODE = YES;
				CLANG_WARN__DUPLICATE_METHOD_MATCH = YES;
				COPY_PHASE_STRIP = NO;
				DEBUG_INFORMATION_FORMAT = dwarf;
				ENABLE_STRICT_OBJC_MSGSEND = YES;
				ENABLE_TESTABILITY = YES;
				ENABLE_USER_SCRIPT_SANDBOXING = YES;
				GCC_C_LANGUAGE_STANDARD = gnu17;
				GCC_DYNAMIC_NO_PIC = NO;
				GCC_NO_COMMON_BLOCKS = YES;
				GCC_OPTIMIZATION_LEVEL = 0;
				GCC_PREPROCESSOR_DEFINITIONS = (
					"DEBUG=1",
					"$(inherited)",
				);
				GCC_WARN_64_TO_32_BIT_CONVERSION = YES;
				GCC_WARN_ABOUT_RETURN_TYPE = YES_ERROR;
				GCC_WARN_UNDECLARED_SELECTOR = YES;
				GCC_WARN_UNINITIALIZED_AUTOS = YES_AGGRESSIVE;
				GCC_WARN_UNUSED_FUNCTION = YES;
				GCC_WARN_UNUSED_VARIABLE = YES;
				IPHONEOS_DEPLOYMENT_TARGET = 18.5;
				LOCALIZATION_PREFERS_STRING_CATALOGS = YES;
				MTL_ENABLE_DEBUG_INFO = INCLUDE_SOURCE;
				MTL_FAST_MATH = YES;
				ONLY_ACTIVE_ARCH = YES;
				SDKROOT = iphoneos;
				SWIFT_ACTIVE_COMPILATION_CONDITIONS = "DEBUG $(inherited)";
				SWIFT_OPTIMIZATION_LEVEL = "-Onone";
			};
			name = Debug;
		};
		F9D4AC0A2E5CDEE300048F0A /* Release */ = {
			isa = XCBuildConfiguration;
			buildSettings = {
				ALWAYS_SEARCH_USER_PATHS = NO;
				ASSETCATALOG_COMPILER_GENERATE_SWIFT_ASSET_SYMBOL_EXTENSIONS = YES;
				CLANG_ANALYZER_NONNULL = YES;
				CLANG_ANALYZER_NUMBER_OBJECT_CONVERSION = YES_AGGRESSIVE;
				CLANG_CXX_LANGUAGE_STANDARD = "gnu++20";
				CLANG_ENABLE_MODULES = YES;
				CLANG_ENABLE_OBJC_ARC = YES;
				CLANG_ENABLE_OBJC_WEAK = YES;
				CLANG_WARN_BLOCK_CAPTURE_AUTORELEASING = YES;
				CLANG_WARN_BOOL_CONVERSION = YES;
				CLANG_WARN_COMMA = YES;
				CLANG_WARN_CONSTANT_CONVERSION = YES;
				CLANG_WARN_DEPRECATED_OBJC_IMPLEMENTATIONS = YES;
				CLANG_WARN_DIRECT_OBJC_ISA_USAGE = YES_ERROR;
				CLANG_WARN_DOCUMENTATION_COMMENTS = YES;
				CLANG_WARN_EMPTY_BODY = YES;
				CLANG_WARN_ENUM_CONVERSION = YES;
				CLANG_WARN_INFINITE_RECURSION = YES;
				CLANG_WARN_INT_CONVERSION = YES;
				CLANG_WARN_NON_LITERAL_NULL_CONVERSION = YES;
				CLANG_WARN_OBJC_IMPLICIT_RETAIN_SELF = YES;
				CLANG_WARN_OBJC_LITERAL_CONVERSION = YES;
				CLANG_WARN_OBJC_ROOT_CLASS = YES_ERROR;
				CLANG_WARN_QUOTED_INCLUDE_IN_FRAMEWORK_HEADER = YES;
				CLANG_WARN_RANGE_LOOP_ANALYSIS = YES;
				CLANG_WARN_STRICT_PROTOTYPES = YES;
				CLANG_WARN_SUSPICIOUS_MOVE = YES;
				CLANG_WARN_UNGUARDED_AVAILABILITY = YES_AGGRESSIVE;
				CLANG_WARN_UNREACHABLE_CODE = YES;
				CLANG_WARN__DUPLICATE_METHOD_MATCH = YES;
				COPY_PHASE_STRIP = NO;
				DEBUG_INFORMATION_FORMAT = "dwarf-with-dsym";
				ENABLE_NS_ASSERTIONS = NO;
				ENABLE_STRICT_OBJC_MSGSEND = YES;
				ENABLE_USER_SCRIPT_SANDBOXING = YES;
				GCC_C_LANGUAGE_STANDARD = gnu17;
				GCC_NO_COMMON_BLOCKS = YES;
				GCC_WARN_64_TO_32_BIT_CONVERSION = YES;
				GCC_WARN_ABOUT_RETURN_TYPE = YES_ERROR;
				GCC_WARN_UNDECLARED_SELECTOR = YES;
				GCC_WARN_UNINITIALIZED_AUTOS = YES_AGGRESSIVE;
				GCC_WARN_UNUSED_FUNCTION = YES;
				GCC_WARN_UNUSED_VARIABLE = YES;
				IPHONEOS_DEPLOYMENT_TARGET = 18.5;
				LOCALIZATION_PREFERS_STRING_CATALOGS = YES;
				MTL_ENABLE_DEBUG_INFO = NO;
				MTL_FAST_MATH = YES;
				SDKROOT = iphoneos;
				SWIFT_COMPILATION_MODE = wholemodule;
				VALIDATE_PRODUCT = YES;
			};
			name = Release;
		};
		F9D4AC0C2E5CDEE300048F0A /* Debug */ = {
			isa = XCBuildConfiguration;
			buildSettings = {
				BUNDLE_LOADER = "$(TEST_HOST)";
				CODE_SIGN_STYLE = Automatic;
				CURRENT_PROJECT_VERSION = 1;
				GENERATE_INFOPLIST_FILE = YES;
				IPHONEOS_DEPLOYMENT_TARGET = 18.5;
				MARKETING_VERSION = 1.0;
				PRODUCT_BUNDLE_IDENTIFIER = Shiwamon.PortfolioAppTests;
				PRODUCT_NAME = "$(TARGET_NAME)";
				SWIFT_EMIT_LOC_STRINGS = NO;
				SWIFT_VERSION = 5.0;
				TARGETED_DEVICE_FAMILY = "1,2";
				TEST_HOST = "$(BUILT_PRODUCTS_DIR)/PortfolioApp.app/$(BUNDLE_EXECUTABLE_FOLDER_PATH)/PortfolioApp";
			};
			name = Debug;
		};
		F9D4AC0D2E5CDEE300048F0A /* Release */ = {
			isa = XCBuildConfiguration;
			buildSettings = {
				BUNDLE_LOADER = "$(TEST_HOST)";
				CODE_SIGN_STYLE = Automatic;
				CURRENT_PROJECT_VERSION = 1;
				GENERATE_INFOPLIST_FILE = YES;
				IPHONEOS_DEPLOYMENT_TARGET = 18.5;
				MARKETING_VERSION = 1.0;
				PRODUCT_BUNDLE_IDENTIFIER = Shiwamon.PortfolioAppTests;
				PRODUCT_NAME = "$(TARGET_NAME)";
				SWIFT_EMIT_LOC_STRINGS = NO;
				SWIFT_VERSION = 5.0;
				TARGETED_DEVICE_FAMILY = "1,2";
				TEST_HOST = "$(BUILT_PRODUCTS_DIR)/PortfolioApp.app/$(BUNDLE_EXECUTABLE_FOLDER_PATH)/PortfolioApp";
			};
			name = Release;
		};
		F9D4AC0F2E5CDEE300048F0A /* Debug */ = {
			isa = XCBuildConfiguration;
			buildSettings = {
				CODE_SIGN_STYLE = Automatic;
				CURRENT_PROJECT_VERSION = 1;
				GENERATE_INFOPLIST_FILE = YES;
				MARKETING_VERSION = 1.0;
				PRODUCT_BUNDLE_IDENTIFIER = Shiwamon.PortfolioAppUITests;
				PRODUCT_NAME = "$(TARGET_NAME)";
				SWIFT_EMIT_LOC_STRINGS = NO;
				SWIFT_VERSION = 5.0;
				TARGETED_DEVICE_FAMILY = "1,2";
				TEST_TARGET_NAME = PortfolioApp;
			};
			name = Debug;
		};
		F9D4AC102E5CDEE300048F0A /* Release */ = {
			isa = XCBuildConfiguration;
			buildSettings = {
				CODE_SIGN_STYLE = Automatic;
				CURRENT_PROJECT_VERSION = 1;
				GENERATE_INFOPLIST_FILE = YES;
				MARKETING_VERSION = 1.0;
				PRODUCT_BUNDLE_IDENTIFIER = Shiwamon.PortfolioAppUITests;
				PRODUCT_NAME = "$(TARGET_NAME)";
				SWIFT_EMIT_LOC_STRINGS = NO;
				SWIFT_VERSION = 5.0;
				TARGETED_DEVICE_FAMILY = "1,2";
				TEST_TARGET_NAME = PortfolioApp;
			};
			name = Release;
		};
/* End XCBuildConfiguration section */

/* Begin XCConfigurationList section */
		F9D4ABD82E5CDEE200048F0A /* Build configuration list for PBXProject "PortfolioApp" */ = {
			isa = XCConfigurationList;
			buildConfigurations = (
				F9D4AC092E5CDEE300048F0A /* Debug */,
				F9D4AC0A2E5CDEE300048F0A /* Release */,
			);
			defaultConfigurationIsVisible = 0;
			defaultConfigurationName = Release;
		};
		F9D4AC062E5CDEE300048F0A /* Build configuration list for PBXNativeTarget "PortfolioApp" */ = {
			isa = XCConfigurationList;
			buildConfigurations = (
				F9D4AC072E5CDEE300048F0A /* Debug */,
				F9D4AC082E5CDEE300048F0A /* Release */,
			);
			defaultConfigurationIsVisible = 0;
			defaultConfigurationName = Release;
		};
		F9D4AC0B2E5CDEE300048F0A /* Build configuration list for PBXNativeTarget "PortfolioAppTests" */ = {
			isa = XCConfigurationList;
			buildConfigurations = (
				F9D4AC0C2E5CDEE300048F0A /* Debug */,
				F9D4AC0D2E5CDEE300048F0A /* Release */,
			);
			defaultConfigurationIsVisible = 0;
			defaultConfigurationName = Release;
		};
		F9D4AC0E2E5CDEE300048F0A /* Build configuration list for PBXNativeTarget "PortfolioAppUITests" */ = {
			isa = XCConfigurationList;
			buildConfigurations = (
				F9D4AC0F2E5CDEE300048F0A /* Debug */,
				F9D4AC102E5CDEE300048F0A /* Release */,
			);
			defaultConfigurationIsVisible = 0;
			defaultConfigurationName = Release;
		};
/* End XCConfigurationList section */
	};
	rootObject = F9D4ABD52E5CDEE200048F0A /* Project object */;
}
